
Microsoft Visual Studio Solution File, Format Version 12.00
Project("{FAE04EC0-301F-11D3-BF4B-00C04F79EFBC}") = "DemoApi_Tutorial", "DemoApi_Tutorial\DemoApi_Tutorial.csproj", "{37751905-3AE4-4D16-B1A8-C09DEAF39B18}"
EndProject
Global
	GlobalSection(SolutionConfigurationPlatforms) = preSolution
		Debug|Any CPU = Debug|Any CPU
		Release|Any CPU = Release|Any CPU
	EndGlobalSection
	GlobalSection(ProjectConfigurationPlatforms) = postSolution
		{37751905-3AE4-4D16-B1A8-C09DEAF39B18}.Debug|Any CPU.ActiveCfg = Debug|Any CPU
		{37751905-3AE4-4D16-B1A8-C09DEAF39B18}.Debug|Any CPU.Build.0 = Debug|Any CPU
		{37751905-3AE4-4D16-B1A8-C09DEAF39B18}.Release|Any CPU.ActiveCfg = Release|Any CPU
		{37751905-3AE4-4D16-B1A8-C09DEAF39B18}.Release|Any CPU.Build.0 = Release|Any CPU
	EndGlobalSection
EndGlobal
